
Microsoft Visual Studio Solution File, Format Version 12.00
# Visual Studio Version 17
VisualStudioVersion = 17.7.34302.85
MinimumVisualStudioVersion = 10.0.40219.1
Project("{9A19103F-16F7-4668-BE54-9A1E7A4F7556}") = "1.AspnetCoreUltimateGuide", "AspnetCoreUltimateGuide\1.AspnetCoreUltimateGuide.csproj", "{ED2B19CE-4E8D-4806-A71B-E792C018C777}"
EndProject
Project("{9A19103F-16F7-4668-BE54-9A1E7A4F7556}") = "3.MiddlewareExample", "MiddlewareExample\3.MiddlewareExample.csproj", "{50A7DE60-BE3E-498B-9EE1-DC84C0BBD6B5}"
EndProject
Project("{9A19103F-16F7-4668-BE54-9A1E7A4F7556}") = "4.WebApplication1", "WebApplication1\4.WebApplication1.csproj", "{3165B7F1-BFD5-4F98-ABD3-B738D6E356BC}"
EndProject
Project("{9A19103F-16F7-4668-BE54-9A1E7A4F7556}") = "2.LoginMiddleware", "LoginMiddleware\2.LoginMiddleware.csproj", "{72F41D2A-D803-46A9-969A-10DF1A0F8204}"
EndProject
Project("{2150E333-8FDC-42A3-9474-1A3956D46DE8}") = "4-Middleware", "4-Middleware", "{55C8B7CD-5D62-46F3-9640-4114C995D11C}"
EndProject
Project("{2150E333-8FDC-42A3-9474-1A3956D46DE8}") = "5-Routing", "5-Routing", "{58637347-4567-4435-93F9-12BC1F56C633}"
EndProject
Project("{9A19103F-16F7-4668-BE54-9A1E7A4F7556}") = "1.RoutingExample", "1.RoutingExample\1.RoutingExample.csproj", "{7FEDD679-8472-4098-9C49-9B730CB64B35}"
EndProject
Project("{9A19103F-16F7-4668-BE54-9A1E7A4F7556}") = "2.CountryDetails", "2.CountryDetails\2.CountryDetails.csproj", "{9B4E7853-A6E1-40D8-B432-3C107A033299}"
EndProject
Project("{2150E333-8FDC-42A3-9474-1A3956D46DE8}") = "6-Controllers", "6-Controllers", "{62D3021A-9FF2-41A1-BD66-622A7164321D}"
EndProject
Project("{2150E333-8FDC-42A3-9474-1A3956D46DE8}") = "Solution Items", "Solution Items", "{7CBFA3B9-9814-4CEE-8077-98487A3D13F3}"
	ProjectSection(SolutionItems) = preProject
		readme.md = readme.md
	EndProjectSection
EndProject
Project("{9A19103F-16F7-4668-BE54-9A1E7A4F7556}") = "1.ControllersExample", "1.ControllersExample\1.ControllersExample.csproj", "{E8D6EB0B-5CEF-4397-806F-5446E4BC9D5A}"
EndProject
Project("{2150E333-8FDC-42A3-9474-1A3956D46DE8}") = "7-ModelBinding", "7-ModelBinding", "{5E324750-DAC6-458D-BB0E-7D3DEECC41D1}"
EndProject
Project("{FAE04EC0-301F-11D3-BF4B-00C04F79EFBC}") = "1.ModelValidationsExample", "ModelValidationsExample\1.ModelValidationsExample.csproj", "{61B0A07A-6946-47C0-AC3D-09EFA5801175}"
EndProject
Project("{FAE04EC0-301F-11D3-BF4B-00C04F79EFBC}") = "2.ECommerceOrdersApp", "ECommerceORdersApp\2.ECommerceOrdersApp.csproj", "{25B11FDE-12F6-4C0C-A6A1-0ED84CB01BE1}"
EndProject
Global
	GlobalSection(SolutionConfigurationPlatforms) = preSolution
		Debug|Any CPU = Debug|Any CPU
		Release|Any CPU = Release|Any CPU
	EndGlobalSection
	GlobalSection(ProjectConfigurationPlatforms) = postSolution
		{ED2B19CE-4E8D-4806-A71B-E792C018C777}.Debug|Any CPU.ActiveCfg = Debug|Any CPU
		{ED2B19CE-4E8D-4806-A71B-E792C018C777}.Debug|Any CPU.Build.0 = Debug|Any CPU
		{ED2B19CE-4E8D-4806-A71B-E792C018C777}.Release|Any CPU.ActiveCfg = Release|Any CPU
		{ED2B19CE-4E8D-4806-A71B-E792C018C777}.Release|Any CPU.Build.0 = Release|Any CPU
		{50A7DE60-BE3E-498B-9EE1-DC84C0BBD6B5}.Debug|Any CPU.ActiveCfg = Debug|Any CPU
		{50A7DE60-BE3E-498B-9EE1-DC84C0BBD6B5}.Debug|Any CPU.Build.0 = Debug|Any CPU
		{50A7DE60-BE3E-498B-9EE1-DC84C0BBD6B5}.Release|Any CPU.ActiveCfg = Release|Any CPU
		{50A7DE60-BE3E-498B-9EE1-DC84C0BBD6B5}.Release|Any CPU.Build.0 = Release|Any CPU
		{3165B7F1-BFD5-4F98-ABD3-B738D6E356BC}.Debug|Any CPU.ActiveCfg = Debug|Any CPU
		{3165B7F1-BFD5-4F98-ABD3-B738D6E356BC}.Debug|Any CPU.Build.0 = Debug|Any CPU
		{3165B7F1-BFD5-4F98-ABD3-B738D6E356BC}.Release|Any CPU.ActiveCfg = Release|Any CPU
		{3165B7F1-BFD5-4F98-ABD3-B738D6E356BC}.Release|Any CPU.Build.0 = Release|Any CPU
		{72F41D2A-D803-46A9-969A-10DF1A0F8204}.Debug|Any CPU.ActiveCfg = Debug|Any CPU
		{72F41D2A-D803-46A9-969A-10DF1A0F8204}.Debug|Any CPU.Build.0 = Debug|Any CPU
		{72F41D2A-D803-46A9-969A-10DF1A0F8204}.Release|Any CPU.ActiveCfg = Release|Any CPU
		{72F41D2A-D803-46A9-969A-10DF1A0F8204}.Release|Any CPU.Build.0 = Release|Any CPU
		{7FEDD679-8472-4098-9C49-9B730CB64B35}.Debug|Any CPU.ActiveCfg = Debug|Any CPU
		{7FEDD679-8472-4098-9C49-9B730CB64B35}.Debug|Any CPU.Build.0 = Debug|Any CPU
		{7FEDD679-8472-4098-9C49-9B730CB64B35}.Release|Any CPU.ActiveCfg = Release|Any CPU
		{7FEDD679-8472-4098-9C49-9B730CB64B35}.Release|Any CPU.Build.0 = Release|Any CPU
		{9B4E7853-A6E1-40D8-B432-3C107A033299}.Debug|Any CPU.ActiveCfg = Debug|Any CPU
		{9B4E7853-A6E1-40D8-B432-3C107A033299}.Debug|Any CPU.Build.0 = Debug|Any CPU
		{9B4E7853-A6E1-40D8-B432-3C107A033299}.Release|Any CPU.ActiveCfg = Release|Any CPU
		{9B4E7853-A6E1-40D8-B432-3C107A033299}.Release|Any CPU.Build.0 = Release|Any CPU
		{E8D6EB0B-5CEF-4397-806F-5446E4BC9D5A}.Debug|Any CPU.ActiveCfg = Debug|Any CPU
		{E8D6EB0B-5CEF-4397-806F-5446E4BC9D5A}.Debug|Any CPU.Build.0 = Debug|Any CPU
		{E8D6EB0B-5CEF-4397-806F-5446E4BC9D5A}.Release|Any CPU.ActiveCfg = Release|Any CPU
		{E8D6EB0B-5CEF-4397-806F-5446E4BC9D5A}.Release|Any CPU.Build.0 = Release|Any CPU
		{61B0A07A-6946-47C0-AC3D-09EFA5801175}.Debug|Any CPU.ActiveCfg = Debug|Any CPU
		{61B0A07A-6946-47C0-AC3D-09EFA5801175}.Debug|Any CPU.Build.0 = Debug|Any CPU
		{61B0A07A-6946-47C0-AC3D-09EFA5801175}.Release|Any CPU.ActiveCfg = Release|Any CPU
		{61B0A07A-6946-47C0-AC3D-09EFA5801175}.Release|Any CPU.Build.0 = Release|Any CPU
		{25B11FDE-12F6-4C0C-A6A1-0ED84CB01BE1}.Debug|Any CPU.ActiveCfg = Debug|Any CPU
		{25B11FDE-12F6-4C0C-A6A1-0ED84CB01BE1}.Debug|Any CPU.Build.0 = Debug|Any CPU
		{25B11FDE-12F6-4C0C-A6A1-0ED84CB01BE1}.Release|Any CPU.ActiveCfg = Release|Any CPU
		{25B11FDE-12F6-4C0C-A6A1-0ED84CB01BE1}.Release|Any CPU.Build.0 = Release|Any CPU
	EndGlobalSection
	GlobalSection(SolutionProperties) = preSolution
		HideSolutionNode = FALSE
	EndGlobalSection
	GlobalSection(NestedProjects) = preSolution
		{ED2B19CE-4E8D-4806-A71B-E792C018C777} = {55C8B7CD-5D62-46F3-9640-4114C995D11C}
		{50A7DE60-BE3E-498B-9EE1-DC84C0BBD6B5} = {55C8B7CD-5D62-46F3-9640-4114C995D11C}
		{3165B7F1-BFD5-4F98-ABD3-B738D6E356BC} = {55C8B7CD-5D62-46F3-9640-4114C995D11C}
		{72F41D2A-D803-46A9-969A-10DF1A0F8204} = {55C8B7CD-5D62-46F3-9640-4114C995D11C}
		{7FEDD679-8472-4098-9C49-9B730CB64B35} = {58637347-4567-4435-93F9-12BC1F56C633}
		{9B4E7853-A6E1-40D8-B432-3C107A033299} = {58637347-4567-4435-93F9-12BC1F56C633}
		{E8D6EB0B-5CEF-4397-806F-5446E4BC9D5A} = {62D3021A-9FF2-41A1-BD66-622A7164321D}
		{61B0A07A-6946-47C0-AC3D-09EFA5801175} = {5E324750-DAC6-458D-BB0E-7D3DEECC41D1}
		{25B11FDE-12F6-4C0C-A6A1-0ED84CB01BE1} = {5E324750-DAC6-458D-BB0E-7D3DEECC41D1}
	EndGlobalSection
	GlobalSection(ExtensibilityGlobals) = postSolution
		SolutionGuid = {67B13DB3-C9AE-4948-A8C7-05A4543951A5}
	EndGlobalSection
EndGlobal
