
Microsoft Visual Studio Solution File, Format Version 12.00
# Visual Studio Version 17
VisualStudioVersion = 17.7.34302.85
MinimumVisualStudioVersion = 10.0.40219.1
Project("{2150E333-8FDC-42A3-9474-1A3956D46DE8}") = "5-Routing", "5-Routing", "{58637347-4567-4435-93F9-12BC1F56C633}"
EndProject
Project("{2150E333-8FDC-42A3-9474-1A3956D46DE8}") = "6-Controllers", "6-Controllers", "{62D3021A-9FF2-41A1-BD66-622A7164321D}"
EndProject
Project("{2150E333-8FDC-42A3-9474-1A3956D46DE8}") = "Solution Items", "Solution Items", "{7CBFA3B9-9814-4CEE-8077-98487A3D13F3}"
	ProjectSection(SolutionItems) = preProject
		readme.md = readme.md
	EndProjectSection
EndProject
Project("{2150E333-8FDC-42A3-9474-1A3956D46DE8}") = "7-ModelBinding", "7-ModelBinding", "{5E324750-DAC6-458D-BB0E-7D3DEECC41D1}"
EndProject
Project("{2150E333-8FDC-42A3-9474-1A3956D46DE8}") = "4-Middleware", "4-Middleware", "{69CF7A14-96C2-4521-A85C-58AEC8F378B3}"
EndProject
Project("{9A19103F-16F7-4668-BE54-9A1E7A4F7556}") = "1.AspnetCoreUltimateGuide", "4-Middleware\1.AspnetCoreUltimateGuide\1.AspnetCoreUltimateGuide.csproj", "{DAE16673-122E-4527-856D-EEBC02672CC1}"
EndProject
Project("{9A19103F-16F7-4668-BE54-9A1E7A4F7556}") = "2.LoginMiddleware", "4-Middleware\2.LoginMiddleware\2.LoginMiddleware.csproj", "{33EC1118-0DC8-4850-A1B0-FEE32E0DE5AA}"
EndProject
Project("{9A19103F-16F7-4668-BE54-9A1E7A4F7556}") = "3.MiddlewareExample", "4-Middleware\3.MiddlewareExample\3.MiddlewareExample.csproj", "{CF3F68BE-0BBE-4E37-8979-8D805F590202}"
EndProject
Project("{9A19103F-16F7-4668-BE54-9A1E7A4F7556}") = "1.RoutingExample", "5-Routing\1.RoutingExample\1.RoutingExample.csproj", "{53D167B6-7600-4DA1-98A4-D366FEAA8C0C}"
EndProject
Project("{9A19103F-16F7-4668-BE54-9A1E7A4F7556}") = "2.CountryDetails", "5-Routing\2.CountryDetails\2.CountryDetails.csproj", "{42DBAADE-826D-4966-BFB2-9D9ED5BBBFD2}"
EndProject
Project("{9A19103F-16F7-4668-BE54-9A1E7A4F7556}") = "1.ControllersExample", "6-Controllers\1.ControllersExample\1.ControllersExample.csproj", "{DA1E451E-04CB-4C68-8E55-177F03607AB4}"
EndProject
Project("{9A19103F-16F7-4668-BE54-9A1E7A4F7556}") = "1.ModelValidationsExample", "7-ModelBinding\1.ModelValidationsExample\1.ModelValidationsExample.csproj", "{8622B0B0-C408-4C03-BFE9-477F9907DD72}"
EndProject
Project("{9A19103F-16F7-4668-BE54-9A1E7A4F7556}") = "2.ECommerceOrdersApp", "7-ModelBinding\2.ECommerceORdersApp\2.ECommerceOrdersApp.csproj", "{A6C3074B-A686-4703-BD64-CE804BE0EEB7}"
EndProject
Global
	GlobalSection(SolutionConfigurationPlatforms) = preSolution
		Debug|Any CPU = Debug|Any CPU
		Release|Any CPU = Release|Any CPU
	EndGlobalSection
	GlobalSection(ProjectConfigurationPlatforms) = postSolution
		{DAE16673-122E-4527-856D-EEBC02672CC1}.Debug|Any CPU.ActiveCfg = Debug|Any CPU
		{DAE16673-122E-4527-856D-EEBC02672CC1}.Debug|Any CPU.Build.0 = Debug|Any CPU
		{DAE16673-122E-4527-856D-EEBC02672CC1}.Release|Any CPU.ActiveCfg = Release|Any CPU
		{DAE16673-122E-4527-856D-EEBC02672CC1}.Release|Any CPU.Build.0 = Release|Any CPU
		{33EC1118-0DC8-4850-A1B0-FEE32E0DE5AA}.Debug|Any CPU.ActiveCfg = Debug|Any CPU
		{33EC1118-0DC8-4850-A1B0-FEE32E0DE5AA}.Debug|Any CPU.Build.0 = Debug|Any CPU
		{33EC1118-0DC8-4850-A1B0-FEE32E0DE5AA}.Release|Any CPU.ActiveCfg = Release|Any CPU
		{33EC1118-0DC8-4850-A1B0-FEE32E0DE5AA}.Release|Any CPU.Build.0 = Release|Any CPU
		{CF3F68BE-0BBE-4E37-8979-8D805F590202}.Debug|Any CPU.ActiveCfg = Debug|Any CPU
		{CF3F68BE-0BBE-4E37-8979-8D805F590202}.Debug|Any CPU.Build.0 = Debug|Any CPU
		{CF3F68BE-0BBE-4E37-8979-8D805F590202}.Release|Any CPU.ActiveCfg = Release|Any CPU
		{CF3F68BE-0BBE-4E37-8979-8D805F590202}.Release|Any CPU.Build.0 = Release|Any CPU
		{53D167B6-7600-4DA1-98A4-D366FEAA8C0C}.Debug|Any CPU.ActiveCfg = Debug|Any CPU
		{53D167B6-7600-4DA1-98A4-D366FEAA8C0C}.Debug|Any CPU.Build.0 = Debug|Any CPU
		{53D167B6-7600-4DA1-98A4-D366FEAA8C0C}.Release|Any CPU.ActiveCfg = Release|Any CPU
		{53D167B6-7600-4DA1-98A4-D366FEAA8C0C}.Release|Any CPU.Build.0 = Release|Any CPU
		{42DBAADE-826D-4966-BFB2-9D9ED5BBBFD2}.Debug|Any CPU.ActiveCfg = Debug|Any CPU
		{42DBAADE-826D-4966-BFB2-9D9ED5BBBFD2}.Debug|Any CPU.Build.0 = Debug|Any CPU
		{42DBAADE-826D-4966-BFB2-9D9ED5BBBFD2}.Release|Any CPU.ActiveCfg = Release|Any CPU
		{42DBAADE-826D-4966-BFB2-9D9ED5BBBFD2}.Release|Any CPU.Build.0 = Release|Any CPU
		{DA1E451E-04CB-4C68-8E55-177F03607AB4}.Debug|Any CPU.ActiveCfg = Debug|Any CPU
		{DA1E451E-04CB-4C68-8E55-177F03607AB4}.Debug|Any CPU.Build.0 = Debug|Any CPU
		{DA1E451E-04CB-4C68-8E55-177F03607AB4}.Release|Any CPU.ActiveCfg = Release|Any CPU
		{DA1E451E-04CB-4C68-8E55-177F03607AB4}.Release|Any CPU.Build.0 = Release|Any CPU
		{8622B0B0-C408-4C03-BFE9-477F9907DD72}.Debug|Any CPU.ActiveCfg = Debug|Any CPU
		{8622B0B0-C408-4C03-BFE9-477F9907DD72}.Debug|Any CPU.Build.0 = Debug|Any CPU
		{8622B0B0-C408-4C03-BFE9-477F9907DD72}.Release|Any CPU.ActiveCfg = Release|Any CPU
		{8622B0B0-C408-4C03-BFE9-477F9907DD72}.Release|Any CPU.Build.0 = Release|Any CPU
		{A6C3074B-A686-4703-BD64-CE804BE0EEB7}.Debug|Any CPU.ActiveCfg = Debug|Any CPU
		{A6C3074B-A686-4703-BD64-CE804BE0EEB7}.Debug|Any CPU.Build.0 = Debug|Any CPU
		{A6C3074B-A686-4703-BD64-CE804BE0EEB7}.Release|Any CPU.ActiveCfg = Release|Any CPU
		{A6C3074B-A686-4703-BD64-CE804BE0EEB7}.Release|Any CPU.Build.0 = Release|Any CPU
	EndGlobalSection
	GlobalSection(SolutionProperties) = preSolution
		HideSolutionNode = FALSE
	EndGlobalSection
	GlobalSection(NestedProjects) = preSolution
		{DAE16673-122E-4527-856D-EEBC02672CC1} = {69CF7A14-96C2-4521-A85C-58AEC8F378B3}
		{33EC1118-0DC8-4850-A1B0-FEE32E0DE5AA} = {69CF7A14-96C2-4521-A85C-58AEC8F378B3}
		{CF3F68BE-0BBE-4E37-8979-8D805F590202} = {69CF7A14-96C2-4521-A85C-58AEC8F378B3}
		{53D167B6-7600-4DA1-98A4-D366FEAA8C0C} = {58637347-4567-4435-93F9-12BC1F56C633}
		{42DBAADE-826D-4966-BFB2-9D9ED5BBBFD2} = {58637347-4567-4435-93F9-12BC1F56C633}
		{DA1E451E-04CB-4C68-8E55-177F03607AB4} = {62D3021A-9FF2-41A1-BD66-622A7164321D}
		{8622B0B0-C408-4C03-BFE9-477F9907DD72} = {5E324750-DAC6-458D-BB0E-7D3DEECC41D1}
		{A6C3074B-A686-4703-BD64-CE804BE0EEB7} = {5E324750-DAC6-458D-BB0E-7D3DEECC41D1}
	EndGlobalSection
	GlobalSection(ExtensibilityGlobals) = postSolution
		SolutionGuid = {67B13DB3-C9AE-4948-A8C7-05A4543951A5}
	EndGlobalSection
EndGlobal
